Microsoft Visual Studio Solution File, Format Version 12.00
# Visual Studio Version 17
VisualStudioVersion = 17.5.2.0
MinimumVisualStudioVersion = 10.0.40219.1
Project("{FAE04EC0-301F-11D3-BF4B-00C04F79EFBC}") = "DuelistApi", "DuelistApi.csproj", "{6381F3AE-3F9D-EF85-5048-679DC80D98C2}"
EndProject
Global
	GlobalSection(SolutionConfigurationPlatforms) = preSolution
		Debug|Any CPU = Debug|Any CPU
		Release|Any CPU = Release|Any CPU
	EndGlobalSection
	GlobalSection(ProjectConfigurationPlatforms) = postSolution
		{6381F3AE-3F9D-EF85-5048-679DC80D98C2}.Debug|Any CPU.ActiveCfg = Debug|Any CPU
		{6381F3AE-3F9D-EF85-5048-679DC80D98C2}.Debug|Any CPU.Build.0 = Debug|Any CPU
		{6381F3AE-3F9D-EF85-5048-679DC80D98C2}.Release|Any CPU.ActiveCfg = Release|Any CPU
		{6381F3AE-3F9D-EF85-5048-679DC80D98C2}.Release|Any CPU.Build.0 = Release|Any CPU
	EndGlobalSection
	GlobalSection(SolutionProperties) = preSolution
		HideSolutionNode = FALSE
	EndGlobalSection
	GlobalSection(ExtensibilityGlobals) = postSolution
		SolutionGuid = {0BC34285-43C2-4D82-A2CE-984D23065E87}
	EndGlobalSection
EndGlobal
